
Microsoft Visual Studio Solution File, Format Version 12.00
# Visual Studio 14
VisualStudioVersion = 14.0.24720.0
MinimumVisualStudioVersion = 10.0.40219.1
Project("{FAE04EC0-301F-11D3-BF4B-00C04F79EFBC}") = "AssessRite 1.3", "AssessRite 1.3\AssessRite 1.3.csproj", "{E560275C-137C-4501-883A-979188CF3BAD}"
EndProject
Global
	GlobalSection(SolutionConfigurationPlatforms) = preSolution
		Debug|Any CPU = Debug|Any CPU
		Release|Any CPU = Release|Any CPU
	EndGlobalSection
	GlobalSection(ProjectConfigurationPlatforms) = postSolution
		{E560275C-137C-4501-883A-979188CF3BAD}.Debug|Any CPU.ActiveCfg = Debug|Any CPU
		{E560275C-137C-4501-883A-979188CF3BAD}.Debug|Any CPU.Build.0 = Debug|Any CPU
		{E560275C-137C-4501-883A-979188CF3BAD}.Release|Any CPU.ActiveCfg = Release|Any CPU
		{E560275C-137C-4501-883A-979188CF3BAD}.Release|Any CPU.Build.0 = Release|Any CPU
	EndGlobalSection
	GlobalSection(SolutionProperties) = preSolution
		HideSolutionNode = FALSE
	EndGlobalSection
EndGlobal
